// !$*UTF8*$!
{
	archiveVersion = 1;
	classes = {
	};
	objectVersion = 45;
	objects = {

/* Begin PBXBuildFile section */
		9202EEA9155428F300EF6DE6 /* TEntry.m in Sources */ = {isa = PBXBuildFile; fileRef = 9202EEA8155428F300EF6DE6 /* TEntry.m */; };
		9202EEAF1554295200EF6DE6 /* TLibrary.m in Sources */ = {isa = PBXBuildFile; fileRef = 9202EEAE1554295200EF6DE6 /* TLibrary.m */; };
		920EB98B154D94C50007D7DA /* CSXElementList.h in Headers */ = {isa = PBXBuildFile; fileRef = 920EB989154D94C50007D7DA /* CSXElementList.h */; };
		920EB98C154D94C50007D7DA /* CSXElementList.m in Sources */ = {isa = PBXBuildFile; fileRef = 920EB98A154D94C50007D7DA /* CSXElementList.m */; };
		9227B94C1541E8C500FA9EA6 /* CSXElementLayout.m in Sources */ = {isa = PBXBuildFile; fileRef = 9227B94A1541E8C500FA9EA6 /* CSXElementLayout.m */; };
		9227B94F1541E8E000FA9EA6 /* CSXNodeLayout.m in Sources */ = {isa = PBXBuildFile; fileRef = 9227B9401541E73900FA9EA6 /* CSXNodeLayout.m */; };
		9227B9591541EB9E00FA9EA6 /* CSXDocumentLayout.m in Sources */ = {isa = PBXBuildFile; fileRef = 9227B9571541EB9E00FA9EA6 /* CSXDocumentLayout.m */; };
		922CDB2915446CD1003B1B6F /* CSXXMLParser.h in Headers */ = {isa = PBXBuildFile; fileRef = 922CDB2715446CD1003B1B6F /* CSXXMLParser.h */; };
		922CDB2A15446CD1003B1B6F /* CSXXMLParser.m in Sources */ = {isa = PBXBuildFile; fileRef = 922CDB2815446CD1003B1B6F /* CSXXMLParser.m */; };
		922CDB3215447054003B1B6F /* libxml2.dylib in Frameworks */ = {isa = PBXBuildFile; fileRef = 922CDB3115447054003B1B6F /* libxml2.dylib */; };
		922CDB3315447075003B1B6F /* libxml2.dylib in Frameworks */ = {isa = PBXBuildFile; fileRef = 922CDB3115447054003B1B6F /* libxml2.dylib */; };
		92305FF51551784F00A60884 /* CeasyXML.h in Headers */ = {isa = PBXBuildFile; fileRef = 92305FF41551784F00A60884 /* CeasyXML.h */; };
		923FCB72155D807000B9D71D /* CSXXMLWriter.m in Sources */ = {isa = PBXBuildFile; fileRef = 923FCB70155D806B00B9D71D /* CSXXMLWriter.m */; };
		923FCB7C155D810900B9D71D /* NSString+CSXLibXMLConversion.m in Sources */ = {isa = PBXBuildFile; fileRef = 923FCB7A155D810900B9D71D /* NSString+CSXLibXMLConversion.m */; };
		925FE8A81542E7B900AA875E /* CSXNodeLayout+CSXLayoutObject.h in Headers */ = {isa = PBXBuildFile; fileRef = 925FE8A61542E7B900AA875E /* CSXNodeLayout+CSXLayoutObject.h */; };
		925FE8A91542E7B900AA875E /* CSXNodeLayout+CSXLayoutObject.m in Sources */ = {isa = PBXBuildFile; fileRef = 925FE8A71542E7B900AA875E /* CSXNodeLayout+CSXLayoutObject.m */; };
		925FE8E31542F13200AA875E /* CSXNodeContentLayout.h in Headers */ = {isa = PBXBuildFile; fileRef = 925FE8E11542F13200AA875E /* CSXNodeContentLayout.h */; };
		925FE8E41542F13200AA875E /* CSXNodeContentLayout.m in Sources */ = {isa = PBXBuildFile; fileRef = 925FE8E21542F13200AA875E /* CSXNodeContentLayout.m */; };
		925FE9181542F83100AA875E /* CSXNodeContentLayout+CSXLayoutObject.h in Headers */ = {isa = PBXBuildFile; fileRef = 925FE9161542F83100AA875E /* CSXNodeContentLayout+CSXLayoutObject.h */; };
		925FE9191542F83100AA875E /* CSXNodeContentLayout+CSXLayoutObject.m in Sources */ = {isa = PBXBuildFile; fileRef = 925FE9171542F83100AA875E /* CSXNodeContentLayout+CSXLayoutObject.m */; };
		925FE9431542F95C00AA875E /* CSXElementLayout+CSXLayoutObject.h in Headers */ = {isa = PBXBuildFile; fileRef = 925FE9411542F95C00AA875E /* CSXElementLayout+CSXLayoutObject.h */; };
		925FE9441542F95C00AA875E /* CSXElementLayout+CSXLayoutObject.m in Sources */ = {isa = PBXBuildFile; fileRef = 925FE9421542F95C00AA875E /* CSXElementLayout+CSXLayoutObject.m */; };
		9286A1841555640000EC7F08 /* CSXLayoutList.m in Sources */ = {isa = PBXBuildFile; fileRef = 9286A1771555628200EC7F08 /* CSXLayoutList.m */; };
		9286A1861555640E00EC7F08 /* CSXLayoutList+CSXLayoutObject.m in Sources */ = {isa = PBXBuildFile; fileRef = 9286A180155563EF00EC7F08 /* CSXLayoutList+CSXLayoutObject.m */; };
		92F82AAB154078540009E770 /* libceasyxml.a in Frameworks */ = {isa = PBXBuildFile; fileRef = D2AAC07E0554694100DB518D /* libceasyxml.a */; };
		92F82AC6154078C10009E770 /* TMain.m in Sources */ = {isa = PBXBuildFile; fileRef = 92F82AC5154078C10009E770 /* TMain.m */; };
		92FBB7C21543E9E800366B07 /* CSXElementLayoutPlacebo.m in Sources */ = {isa = PBXBuildFile; fileRef = 92FBB7C01543E9E800366B07 /* CSXElementLayoutPlacebo.m */; };
		92FBB7E61544088C00366B07 /* CSXDocumentLayout+CSXLayoutObject.h in Headers */ = {isa = PBXBuildFile; fileRef = 92FBB7E41544088C00366B07 /* CSXDocumentLayout+CSXLayoutObject.h */; };
		92FBB7E71544088C00366B07 /* CSXDocumentLayout+CSXLayoutObject.m in Sources */ = {isa = PBXBuildFile; fileRef = 92FBB7E51544088C00366B07 /* CSXDocumentLayout+CSXLayoutObject.m */; };
/* End PBXBuildFile section */

/* Begin PBXContainerItemProxy section */
		92F82AAC154078570009E770 /* PBXContainerItemProxy */ = {
			isa = PBXContainerItemProxy;
			containerPortal = 0867D690FE84028FC02AAC07 /* Project object */;
			proxyType = 1;
			remoteGlobalIDString = D2AAC07D0554694100DB518D;
			remoteInfo = ceasyxml;
		};
/* End PBXContainerItemProxy section */

/* Begin PBXFileReference section */
		0867D69BFE84028FC02AAC07 /* Foundation.framework */ = {isa = PBXFileReference; lastKnownFileType = wrapper.framework; name = Foundation.framework; path = /System/Library/Frameworks/Foundation.framework; sourceTree = "<absolute>"; };
		9202EEA7155428F300EF6DE6 /* TEntry.h */ = {isa = PBXFileReference; fileEncoding = 4; lastKnownFileType = sourcecode.c.h; path = TEntry.h; sourceTree = "<group>"; };
		9202EEA8155428F300EF6DE6 /* TEntry.m */ = {isa = PBXFileReference; fileEncoding = 4; lastKnownFileType = sourcecode.c.objc; path = TEntry.m; sourceTree = "<group>"; };
		9202EEAD1554295200EF6DE6 /* TLibrary.h */ = {isa = PBXFileReference; fileEncoding = 4; lastKnownFileType = sourcecode.c.h; path = TLibrary.h; sourceTree = "<group>"; };
		9202EEAE1554295200EF6DE6 /* TLibrary.m */ = {isa = PBXFileReference; fileEncoding = 4; lastKnownFileType = sourcecode.c.objc; path = TLibrary.m; sourceTree = "<group>"; };
		920D1175155D6D5C0055B563 /* Library.xml */ = {isa = PBXFileReference; fileEncoding = 4; lastKnownFileType = text.xml; path = Library.xml; sourceTree = "<group>"; };
		920EB989154D94C50007D7DA /* CSXElementList.h */ = {isa = PBXFileReference; fileEncoding = 4; lastKnownFileType = sourcecode.c.h; path = CSXElementList.h; sourceTree = "<group>"; };
		920EB98A154D94C50007D7DA /* CSXElementList.m */ = {isa = PBXFileReference; fileEncoding = 4; lastKnownFileType = sourcecode.c.objc; path = CSXElementList.m; sourceTree = "<group>"; };
		9227B93F1541E73900FA9EA6 /* CSXNodeLayout.h */ = {isa = PBXFileReference; fileEncoding = 4; lastKnownFileType = sourcecode.c.h; path = CSXNodeLayout.h; sourceTree = "<group>"; };
		9227B9401541E73900FA9EA6 /* CSXNodeLayout.m */ = {isa = PBXFileReference; fileEncoding = 4; lastKnownFileType = sourcecode.c.objc; path = CSXNodeLayout.m; sourceTree = "<group>"; };
		9227B9491541E8C500FA9EA6 /* CSXElementLayout.h */ = {isa = PBXFileReference; fileEncoding = 4; lastKnownFileType = sourcecode.c.h; path = CSXElementLayout.h; sourceTree = "<group>"; };
		9227B94A1541E8C500FA9EA6 /* CSXElementLayout.m */ = {isa = PBXFileReference; fileEncoding = 4; lastKnownFileType = sourcecode.c.objc; path = CSXElementLayout.m; sourceTree = "<group>"; };
		9227B9561541EB9E00FA9EA6 /* CSXDocumentLayout.h */ = {isa = PBXFileReference; fileEncoding = 4; lastKnownFileType = sourcecode.c.h; path = CSXDocumentLayout.h; sourceTree = "<group>"; };
		9227B9571541EB9E00FA9EA6 /* CSXDocumentLayout.m */ = {isa = PBXFileReference; fileEncoding = 4; lastKnownFileType = sourcecode.c.objc; path = CSXDocumentLayout.m; sourceTree = "<group>"; };
		922CDB2715446CD1003B1B6F /* CSXXMLParser.h */ = {isa = PBXFileReference; fileEncoding = 4; lastKnownFileType = sourcecode.c.h; path = CSXXMLParser.h; sourceTree = "<group>"; };
		922CDB2815446CD1003B1B6F /* CSXXMLParser.m */ = {isa = PBXFileReference; fileEncoding = 4; lastKnownFileType = sourcecode.c.objc; path = CSXXMLParser.m; sourceTree = "<group>"; };
		922CDB3115447054003B1B6F /* libxml2.dylib */ = {isa = PBXFileReference; lastKnownFileType = "compiled.mach-o.dylib"; name = libxml2.dylib; path = usr/lib/libxml2.dylib; sourceTree = SDKROOT; };
		92305FCF1551716800A60884 /* Layout.xml */ = {isa = PBXFileReference; fileEncoding = 4; lastKnownFileType = text.xml; path = Layout.xml; sourceTree = "<group>"; };
		92305FF41551784F00A60884 /* CeasyXML.h */ = {isa = PBXFileReference; fileEncoding = 4; lastKnownFileType = sourcecode.c.h; path = CeasyXML.h; sourceTree = "<group>"; };
		923FCB6F155D806B00B9D71D /* CSXXMLWriter.h */ = {isa = PBXFileReference; fileEncoding = 4; lastKnownFileType = sourcecode.c.h; path = CSXXMLWriter.h; sourceTree = "<group>"; };
		923FCB70155D806B00B9D71D /* CSXXMLWriter.m */ = {isa = PBXFileReference; fileEncoding = 4; lastKnownFileType = sourcecode.c.objc; path = CSXXMLWriter.m; sourceTree = "<group>"; };
		923FCB79155D810900B9D71D /* NSString+CSXLibXMLConversion.h */ = {isa = PBXFileReference; fileEncoding = 4; lastKnownFileType = sourcecode.c.h; path = "NSString+CSXLibXMLConversion.h"; sourceTree = "<group>"; };
		923FCB7A155D810900B9D71D /* NSString+CSXLibXMLConversion.m */ = {isa = PBXFileReference; fileEncoding = 4; lastKnownFileType = sourcecode.c.objc; path = "NSString+CSXLibXMLConversion.m"; sourceTree = "<group>"; };
		925FE8A61542E7B900AA875E /* CSXNodeLayout+CSXLayoutObject.h */ = {isa = PBXFileReference; fileEncoding = 4; lastKnownFileType = sourcecode.c.h; path = "CSXNodeLayout+CSXLayoutObject.h"; sourceTree = "<group>"; };
		925FE8A71542E7B900AA875E /* CSXNodeLayout+CSXLayoutObject.m */ = {isa = PBXFileReference; fileEncoding = 4; lastKnownFileType = sourcecode.c.objc; path = "CSXNodeLayout+CSXLayoutObject.m"; sourceTree = "<group>"; };
		925FE8E11542F13200AA875E /* CSXNodeContentLayout.h */ = {isa = PBXFileReference; fileEncoding = 4; lastKnownFileType = sourcecode.c.h; path = CSXNodeContentLayout.h; sourceTree = "<group>"; };
		925FE8E21542F13200AA875E /* CSXNodeContentLayout.m */ = {isa = PBXFileReference; fileEncoding = 4; lastKnownFileType = sourcecode.c.objc; path = CSXNodeContentLayout.m; sourceTree = "<group>"; };
		925FE9161542F83100AA875E /* CSXNodeContentLayout+CSXLayoutObject.h */ = {isa = PBXFileReference; fileEncoding = 4; lastKnownFileType = sourcecode.c.h; path = "CSXNodeContentLayout+CSXLayoutObject.h"; sourceTree = "<group>"; };
		925FE9171542F83100AA875E /* CSXNodeContentLayout+CSXLayoutObject.m */ = {isa = PBXFileReference; fileEncoding = 4; lastKnownFileType = sourcecode.c.objc; path = "CSXNodeContentLayout+CSXLayoutObject.m"; sourceTree = "<group>"; };
		925FE9411542F95C00AA875E /* CSXElementLayout+CSXLayoutObject.h */ = {isa = PBXFileReference; fileEncoding = 4; lastKnownFileType = sourcecode.c.h; path = "CSXElementLayout+CSXLayoutObject.h"; sourceTree = "<group>"; };
		925FE9421542F95C00AA875E /* CSXElementLayout+CSXLayoutObject.m */ = {isa = PBXFileReference; fileEncoding = 4; lastKnownFileType = sourcecode.c.objc; path = "CSXElementLayout+CSXLayoutObject.m"; sourceTree = "<group>"; };
		9286A1761555628200EC7F08 /* CSXLayoutList.h */ = {isa = PBXFileReference; fileEncoding = 4; lastKnownFileType = sourcecode.c.h; path = CSXLayoutList.h; sourceTree = "<group>"; };
		9286A1771555628200EC7F08 /* CSXLayoutList.m */ = {isa = PBXFileReference; fileEncoding = 4; lastKnownFileType = sourcecode.c.objc; path = CSXLayoutList.m; sourceTree = "<group>"; };
		9286A17F155563EF00EC7F08 /* CSXLayoutList+CSXLayoutObject.h */ = {isa = PBXFileReference; fileEncoding = 4; lastKnownFileType = sourcecode.c.h; path = "CSXLayoutList+CSXLayoutObject.h"; sourceTree = "<group>"; };
		9286A180155563EF00EC7F08 /* CSXLayoutList+CSXLayoutObject.m */ = {isa = PBXFileReference; fileEncoding = 4; lastKnownFileType = sourcecode.c.objc; path = "CSXLayoutList+CSXLayoutObject.m"; sourceTree = "<group>"; };
		92F82A9B154075960009E770 /* newcopy */ = {isa = PBXFileReference; fileEncoding = 4; lastKnownFileType = text.script.sh; path = newcopy; sourceTree = "<group>"; };
		92F82A9D154076170009E770 /* template.h */ = {isa = PBXFileReference; fileEncoding = 4; lastKnownFileType = sourcecode.c.h; path = template.h; sourceTree = "<group>"; };
		92F82A9E154076170009E770 /* template.m */ = {isa = PBXFileReference; fileEncoding = 4; lastKnownFileType = sourcecode.c.objc; path = template.m; sourceTree = "<group>"; };
		92F82AA7154078500009E770 /* TestApp */ = {isa = PBXFileReference; explicitFileType = "compiled.mach-o.executable"; includeInIndex = 0; path = TestApp; sourceTree = BUILT_PRODUCTS_DIR; };
		92F82AC5154078C10009E770 /* TMain.m */ = {isa = PBXFileReference; fileEncoding = 4; lastKnownFileType = sourcecode.c.objc; path = TMain.m; sourceTree = "<group>"; };
		92FBB7BF1543E9E800366B07 /* CSXElementLayoutPlacebo.h */ = {isa = PBXFileReference; fileEncoding = 4; lastKnownFileType = sourcecode.c.h; path = CSXElementLayoutPlacebo.h; sourceTree = "<group>"; };
		92FBB7C01543E9E800366B07 /* CSXElementLayoutPlacebo.m */ = {isa = PBXFileReference; fileEncoding = 4; lastKnownFileType = sourcecode.c.objc; path = CSXElementLayoutPlacebo.m; sourceTree = "<group>"; };
		92FBB7E41544088C00366B07 /* CSXDocumentLayout+CSXLayoutObject.h */ = {isa = PBXFileReference; fileEncoding = 4; lastKnownFileType = sourcecode.c.h; path = "CSXDocumentLayout+CSXLayoutObject.h"; sourceTree = "<group>"; };
		92FBB7E51544088C00366B07 /* CSXDocumentLayout+CSXLayoutObject.m */ = {isa = PBXFileReference; fileEncoding = 4; lastKnownFileType = sourcecode.c.objc; path = "CSXDocumentLayout+CSXLayoutObject.m"; sourceTree = "<group>"; };
		D2AAC07E0554694100DB518D /* libceasyxml.a */ = {isa = PBXFileReference; explicitFileType = archive.ar; includeInIndex = 0; path = libceasyxml.a; sourceTree = BUILT_PRODUCTS_DIR; };
/* End PBXFileReference section */

/* Begin PBXFrameworksBuildPhase section */
		92F82AA5154078500009E770 /* Frameworks */ = {
			isa = PBXFrameworksBuildPhase;
			buildActionMask = 2147483647;
			files = (
				92F82AAB154078540009E770 /* libceasyxml.a in Frameworks */,
				922CDB3315447075003B1B6F /* libxml2.dylib in Frameworks */,
			);
			runOnlyForDeploymentPostprocessing = 0;
		};
		D2AAC07C0554694100DB518D /* Frameworks */ = {
			isa = PBXFrameworksBuildPhase;
			buildActionMask = 2147483647;
			files = (
				922CDB3215447054003B1B6F /* libxml2.dylib in Frameworks */,
			);
			runOnlyForDeploymentPostprocessing = 0;
		};
/* End PBXFrameworksBuildPhase section */

/* Begin PBXGroup section */
		034768DFFF38A50411DB9C8B /* Products */ = {
			isa = PBXGroup;
			children = (
				D2AAC07E0554694100DB518D /* libceasyxml.a */,
				92F82AA7154078500009E770 /* TestApp */,
			);
			name = Products;
			sourceTree = "<group>";
		};
		0867D691FE84028FC02AAC07 /* ceasyxml */ = {
			isa = PBXGroup;
			children = (
				08FB77AEFE84172EC02AAC07 /* Classes */,
				32C88DFF0371C24200C91783 /* Other Sources */,
				0867D69AFE84028FC02AAC07 /* External Frameworks and Libraries */,
				034768DFFF38A50411DB9C8B /* Products */,
				92F82A97154075530009E770 /* TestApp */,
			);
			name = ceasyxml;
			sourceTree = "<group>";
		};
		0867D69AFE84028FC02AAC07 /* External Frameworks and Libraries */ = {
			isa = PBXGroup;
			children = (
				0867D69BFE84028FC02AAC07 /* Foundation.framework */,
				922CDB3115447054003B1B6F /* libxml2.dylib */,
			);
			name = "External Frameworks and Libraries";
			sourceTree = "<group>";
		};
		08FB77AEFE84172EC02AAC07 /* Classes */ = {
			isa = PBXGroup;
			children = (
				92305FF41551784F00A60884 /* CeasyXML.h */,
				923FCB75155D80DB00B9D71D /* Helpers */,
				920EB981154D94850007D7DA /* Containers */,
				9227B9661541ECBD00FA9EA6 /* Layout */,
				922CDB2515446CBA003B1B6F /* Parsing and Writing */,
			);
			path = Classes;
			sourceTree = "<group>";
		};
		32C88DFF0371C24200C91783 /* Other Sources */ = {
			isa = PBXGroup;
			children = (
				92F82A9D154076170009E770 /* template.h */,
				92F82A9E154076170009E770 /* template.m */,
				92F82A9B154075960009E770 /* newcopy */,
			);
			name = "Other Sources";
			sourceTree = "<group>";
		};
		920EB981154D94850007D7DA /* Containers */ = {
			isa = PBXGroup;
			children = (
				920EB989154D94C50007D7DA /* CSXElementList.h */,
				920EB98A154D94C50007D7DA /* CSXElementList.m */,
			);
			name = Containers;
			sourceTree = "<group>";
		};
		9227B9661541ECBD00FA9EA6 /* Layout */ = {
			isa = PBXGroup;
			children = (
				925FE8961542E76C00AA875E /* Layout Objects */,
				925FE8E21542F13200AA875E /* CSXNodeContentLayout.m */,
				9227B93F1541E73900FA9EA6 /* CSXNodeLayout.h */,
				9227B9401541E73900FA9EA6 /* CSXNodeLayout.m */,
				9227B9491541E8C500FA9EA6 /* CSXElementLayout.h */,
				9227B94A1541E8C500FA9EA6 /* CSXElementLayout.m */,
				92FBB7BF1543E9E800366B07 /* CSXElementLayoutPlacebo.h */,
				92FBB7C01543E9E800366B07 /* CSXElementLayoutPlacebo.m */,
				9227B9561541EB9E00FA9EA6 /* CSXDocumentLayout.h */,
				9227B9571541EB9E00FA9EA6 /* CSXDocumentLayout.m */,
				9286A1761555628200EC7F08 /* CSXLayoutList.h */,
				9286A1771555628200EC7F08 /* CSXLayoutList.m */,
			);
			name = Layout;
			sourceTree = "<group>";
		};
		922CDB2515446CBA003B1B6F /* Parsing and Writing */ = {
			isa = PBXGroup;
			children = (
				922CDB2715446CD1003B1B6F /* CSXXMLParser.h */,
				922CDB2815446CD1003B1B6F /* CSXXMLParser.m */,
				923FCB6F155D806B00B9D71D /* CSXXMLWriter.h */,
				923FCB70155D806B00B9D71D /* CSXXMLWriter.m */,
			);
			name = "Parsing and Writing";
			sourceTree = "<group>";
		};
		92305FCE1551714400A60884 /* Resources */ = {
			isa = PBXGroup;
			children = (
				92305FCF1551716800A60884 /* Layout.xml */,
				920D1175155D6D5C0055B563 /* Library.xml */,
			);
			name = Resources;
			sourceTree = "<group>";
		};
		923FCB75155D80DB00B9D71D /* Helpers */ = {
			isa = PBXGroup;
			children = (
				923FCB79155D810900B9D71D /* NSString+CSXLibXMLConversion.h */,
				923FCB7A155D810900B9D71D /* NSString+CSXLibXMLConversion.m */,
			);
			name = Helpers;
			sourceTree = "<group>";
		};
		925FE8961542E76C00AA875E /* Layout Objects */ = {
			isa = PBXGroup;
			children = (
				925FE9161542F83100AA875E /* CSXNodeContentLayout+CSXLayoutObject.h */,
				925FE9171542F83100AA875E /* CSXNodeContentLayout+CSXLayoutObject.m */,
				925FE8A61542E7B900AA875E /* CSXNodeLayout+CSXLayoutObject.h */,
				925FE8A71542E7B900AA875E /* CSXNodeLayout+CSXLayoutObject.m */,
				925FE9411542F95C00AA875E /* CSXElementLayout+CSXLayoutObject.h */,
				925FE9421542F95C00AA875E /* CSXElementLayout+CSXLayoutObject.m */,
				925FE8E11542F13200AA875E /* CSXNodeContentLayout.h */,
				92FBB7E41544088C00366B07 /* CSXDocumentLayout+CSXLayoutObject.h */,
				92FBB7E51544088C00366B07 /* CSXDocumentLayout+CSXLayoutObject.m */,
				9286A17F155563EF00EC7F08 /* CSXLayoutList+CSXLayoutObject.h */,
				9286A180155563EF00EC7F08 /* CSXLayoutList+CSXLayoutObject.m */,
			);
			name = "Layout Objects";
			sourceTree = "<group>";
		};
		92F82A97154075530009E770 /* TestApp */ = {
			isa = PBXGroup;
			children = (
				92305FCE1551714400A60884 /* Resources */,
				92F82AC5154078C10009E770 /* TMain.m */,
				9202EEA7155428F300EF6DE6 /* TEntry.h */,
				9202EEA8155428F300EF6DE6 /* TEntry.m */,
				9202EEAD1554295200EF6DE6 /* TLibrary.h */,
				9202EEAE1554295200EF6DE6 /* TLibrary.m */,
			);
			path = TestApp;
			sourceTree = "<group>";
		};
/* End PBXGroup section */

/* Begin PBXHeadersBuildPhase section */
		D2AAC07A0554694100DB518D /* Headers */ = {
			isa = PBXHeadersBuildPhase;
			buildActionMask = 2147483647;
			files = (
				925FE8A81542E7B900AA875E /* CSXNodeLayout+CSXLayoutObject.h in Headers */,
				925FE8E31542F13200AA875E /* CSXNodeContentLayout.h in Headers */,
				925FE9181542F83100AA875E /* CSXNodeContentLayout+CSXLayoutObject.h in Headers */,
				925FE9431542F95C00AA875E /* CSXElementLayout+CSXLayoutObject.h in Headers */,
				92FBB7E61544088C00366B07 /* CSXDocumentLayout+CSXLayoutObject.h in Headers */,
				922CDB2915446CD1003B1B6F /* CSXXMLParser.h in Headers */,
				920EB98B154D94C50007D7DA /* CSXElementList.h in Headers */,
				92305FF51551784F00A60884 /* CeasyXML.h in Headers */,
			);
			runOnlyForDeploymentPostprocessing = 0;
		};
/* End PBXHeadersBuildPhase section */

/* Begin PBXNativeTarget section */
		92F82AA6154078500009E770 /* TestApp */ = {
			isa = PBXNativeTarget;
			buildConfigurationList = 92F82ABB1540786C0009E770 /* Build configuration list for PBXNativeTarget "TestApp" */;
			buildPhases = (
				92F82AA4154078500009E770 /* Sources */,
				92F82AA5154078500009E770 /* Frameworks */,
			);
			buildRules = (
			);
			dependencies = (
				92F82AAD154078570009E770 /* PBXTargetDependency */,
			);
			name = TestApp;
			productName = TestApp;
			productReference = 92F82AA7154078500009E770 /* TestApp */;
			productType = "com.apple.product-type.tool";
		};
		D2AAC07D0554694100DB518D /* ceasyxml */ = {
			isa = PBXNativeTarget;
			buildConfigurationList = 1DEB921E08733DC00010E9CD /* Build configuration list for PBXNativeTarget "ceasyxml" */;
			buildPhases = (
				D2AAC07A0554694100DB518D /* Headers */,
				D2AAC07B0554694100DB518D /* Sources */,
				D2AAC07C0554694100DB518D /* Frameworks */,
			);
			buildRules = (
			);
			dependencies = (
			);
			name = ceasyxml;
			productName = ceasyxml;
			productReference = D2AAC07E0554694100DB518D /* libceasyxml.a */;
			productType = "com.apple.product-type.library.static";
		};
/* End PBXNativeTarget section */

/* Begin PBXProject section */
		0867D690FE84028FC02AAC07 /* Project object */ = {
			isa = PBXProject;
			buildConfigurationList = 1DEB922208733DC00010E9CD /* Build configuration list for PBXProject "ceasyxml" */;
			compatibilityVersion = "Xcode 3.1";
			developmentRegion = English;
			hasScannedForEncodings = 1;
			knownRegions = (
				English,
				Japanese,
				French,
				German,
			);
			mainGroup = 0867D691FE84028FC02AAC07 /* ceasyxml */;
			productRefGroup = 034768DFFF38A50411DB9C8B /* Products */;
			projectDirPath = "";
			projectRoot = "";
			targets = (
				D2AAC07D0554694100DB518D /* ceasyxml */,
				92F82AA6154078500009E770 /* TestApp */,
			);
		};
/* End PBXProject section */

/* Begin PBXSourcesBuildPhase section */
		92F82AA4154078500009E770 /* Sources */ = {
			isa = PBXSourcesBuildPhase;
			buildActionMask = 2147483647;
			files = (
				92F82AC6154078C10009E770 /* TMain.m in Sources */,
				9202EEA9155428F300EF6DE6 /* TEntry.m in Sources */,
				9202EEAF1554295200EF6DE6 /* TLibrary.m in Sources */,
			);
			runOnlyForDeploymentPostprocessing = 0;
		};
		D2AAC07B0554694100DB518D /* Sources */ = {
			isa = PBXSourcesBuildPhase;
			buildActionMask = 2147483647;
			files = (
				9227B94C1541E8C500FA9EA6 /* CSXElementLayout.m in Sources */,
				9227B94F1541E8E000FA9EA6 /* CSXNodeLayout.m in Sources */,
				9227B9591541EB9E00FA9EA6 /* CSXDocumentLayout.m in Sources */,
				925FE8A91542E7B900AA875E /* CSXNodeLayout+CSXLayoutObject.m in Sources */,
				925FE8E41542F13200AA875E /* CSXNodeContentLayout.m in Sources */,
				925FE9191542F83100AA875E /* CSXNodeContentLayout+CSXLayoutObject.m in Sources */,
				925FE9441542F95C00AA875E /* CSXElementLayout+CSXLayoutObject.m in Sources */,
				92FBB7C21543E9E800366B07 /* CSXElementLayoutPlacebo.m in Sources */,
				92FBB7E71544088C00366B07 /* CSXDocumentLayout+CSXLayoutObject.m in Sources */,
				922CDB2A15446CD1003B1B6F /* CSXXMLParser.m in Sources */,
				920EB98C154D94C50007D7DA /* CSXElementList.m in Sources */,
				9286A1841555640000EC7F08 /* CSXLayoutList.m in Sources */,
				9286A1861555640E00EC7F08 /* CSXLayoutList+CSXLayoutObject.m in Sources */,
				923FCB72155D807000B9D71D /* CSXXMLWriter.m in Sources */,
				923FCB7C155D810900B9D71D /* NSString+CSXLibXMLConversion.m in Sources */,
			);
			runOnlyForDeploymentPostprocessing = 0;
		};
/* End PBXSourcesBuildPhase section */

/* Begin PBXTargetDependency section */
		92F82AAD154078570009E770 /* PBXTargetDependency */ = {
			isa = PBXTargetDependency;
			target = D2AAC07D0554694100DB518D /* ceasyxml */;
			targetProxy = 92F82AAC154078570009E770 /* PBXContainerItemProxy */;
		};
/* End PBXTargetDependency section */

/* Begin XCBuildConfiguration section */
		1DEB921F08733DC00010E9CD /* Debug */ = {
			isa = XCBuildConfiguration;
			buildSettings = {
				ALWAYS_SEARCH_USER_PATHS = NO;
				ARCHS = "$(ARCHS_STANDARD_32_64_BIT)";
				COPY_PHASE_STRIP = NO;
				GCC_DYNAMIC_NO_PIC = NO;
				GCC_ENABLE_FIX_AND_CONTINUE = YES;
				GCC_MODEL_TUNING = G5;
				GCC_OPTIMIZATION_LEVEL = 0;
				HEADER_SEARCH_PATHS = /usr/include/libxml2;
				INSTALL_PATH = /usr/local/lib;
				ONLY_ACTIVE_ARCH = YES;
				PRODUCT_NAME = ceasyxml;
			};
			name = Debug;
		};
		1DEB922008733DC00010E9CD /* Release */ = {
			isa = XCBuildConfiguration;
			buildSettings = {
				ALWAYS_SEARCH_USER_PATHS = NO;
				ARCHS = "$(ARCHS_STANDARD_32_BIT)";
				DEBUG_INFORMATION_FORMAT = "dwarf-with-dsym";
				GCC_MODEL_TUNING = G5;
				HEADER_SEARCH_PATHS = /usr/include/libxml2;
				INSTALL_PATH = /usr/local/lib;
				PRODUCT_NAME = ceasyxml;
			};
			name = Release;
		};
		1DEB922308733DC00010E9CD /* Debug */ = {
			isa = XCBuildConfiguration;
			buildSettings = {
				ARCHS = "$(ARCHS_STANDARD_32_64_BIT)";
				GCC_C_LANGUAGE_STANDARD = gnu99;
				GCC_OPTIMIZATION_LEVEL = 0;
				GCC_WARN_ABOUT_RETURN_TYPE = YES;
				GCC_WARN_UNUSED_VARIABLE = YES;
				HEADER_SEARCH_PATHS = /usr/include/libxml2;
				ONLY_ACTIVE_ARCH = YES;
				PREBINDING = NO;
				SDKROOT = macosx10.6;
			};
			name = Debug;
		};
		1DEB922408733DC00010E9CD /* Release */ = {
			isa = XCBuildConfiguration;
			buildSettings = {
				ARCHS = "$(ARCHS_STANDARD_32_64_BIT)";
				GCC_C_LANGUAGE_STANDARD = gnu99;
				GCC_WARN_ABOUT_RETURN_TYPE = YES;
				GCC_WARN_UNUSED_VARIABLE = YES;
				HEADER_SEARCH_PATHS = /usr/include/libxml2;
				PREBINDING = NO;
				SDKROOT = macosx10.6;
			};
			name = Release;
		};
		92F82AA9154078500009E770 /* Debug */ = {
			isa = XCBuildConfiguration;
			buildSettings = {
				ALWAYS_SEARCH_USER_PATHS = NO;
				COPY_PHASE_STRIP = NO;
				GCC_DYNAMIC_NO_PIC = NO;
				GCC_ENABLE_FIX_AND_CONTINUE = YES;
				GCC_MODEL_TUNING = G5;
				GCC_OPTIMIZATION_LEVEL = 0;
				HEADER_SEARCH_PATHS = (
					/usr/include/libxml2,
					Classes,
				);
				INSTALL_PATH = /usr/local/bin;
				OTHER_LDFLAGS = (
					"-framework",
					Foundation,
					"-framework",
					AppKit,
					"-all_load",
					"-ObjC",
				);
				PREBINDING = NO;
				PRODUCT_NAME = TestApp;
			};
			name = Debug;
		};
		92F82AAA154078500009E770 /* Release */ = {
			isa = XCBuildConfiguration;
			buildSettings = {
				ALWAYS_SEARCH_USER_PATHS = NO;
				COPY_PHASE_STRIP = YES;
				DEBUG_INFORMATION_FORMAT = "dwarf-with-dsym";
				GCC_ENABLE_FIX_AND_CONTINUE = NO;
				GCC_MODEL_TUNING = G5;
				HEADER_SEARCH_PATHS = (
					/usr/include/libxml2,
					Classes,
				);
				INSTALL_PATH = /usr/local/bin;
				OTHER_LDFLAGS = (
					"-framework",
					Foundation,
					"-framework",
					AppKit,
					"-all_load",
					"-ObjC",
				);
				PREBINDING = NO;
				PRODUCT_NAME = TestApp;
				ZERO_LINK = NO;
			};
			name = Release;
		};
/* End XCBuildConfiguration section */

/* Begin XCConfigurationList section */
		1DEB921E08733DC00010E9CD /* Build configuration list for PBXNativeTarget "ceasyxml" */ = {
			isa = XCConfigurationList;
			buildConfigurations = (
				1DEB921F08733DC00010E9CD /* Debug */,
				1DEB922008733DC00010E9CD /* Release */,
			);
			defaultConfigurationIsVisible = 0;
			defaultConfigurationName = Release;
		};
		1DEB922208733DC00010E9CD /* Build configuration list for PBXProject "ceasyxml" */ = {
			isa = XCConfigurationList;
			buildConfigurations = (
				1DEB922308733DC00010E9CD /* Debug */,
				1DEB922408733DC00010E9CD /* Release */,
			);
			defaultConfigurationIsVisible = 0;
			defaultConfigurationName = Release;
		};
		92F82ABB1540786C0009E770 /* Build configuration list for PBXNativeTarget "TestApp" */ = {
			isa = XCConfigurationList;
			buildConfigurations = (
				92F82AA9154078500009E770 /* Debug */,
				92F82AAA154078500009E770 /* Release */,
			);
			defaultConfigurationIsVisible = 0;
			defaultConfigurationName = Release;
		};
/* End XCConfigurationList section */
	};
	rootObject = 0867D690FE84028FC02AAC07 /* Project object */;
}
