// !$*UTF8*$!
{
	archiveVersion = 1;
	classes = {
	};
	objectVersion = 45;
	objects = {

/* Begin PBXBuildFile section */
		9227B94C1541E8C500FA9EA6 /* CSXElementLayout.m in Sources */ = {isa = PBXBuildFile; fileRef = 9227B94A1541E8C500FA9EA6 /* CSXElementLayout.m */; };
		9227B94F1541E8E000FA9EA6 /* CSXNodeLayout.m in Sources */ = {isa = PBXBuildFile; fileRef = 9227B9401541E73900FA9EA6 /* CSXNodeLayout.m */; };
		9227B9581541EB9E00FA9EA6 /* CSXDocumentLayout.h in Headers */ = {isa = PBXBuildFile; fileRef = 9227B9561541EB9E00FA9EA6 /* CSXDocumentLayout.h */; };
		9227B9591541EB9E00FA9EA6 /* CSXDocumentLayout.m in Sources */ = {isa = PBXBuildFile; fileRef = 9227B9571541EB9E00FA9EA6 /* CSXDocumentLayout.m */; };
		9227B9641541ECBA00FA9EA6 /* CSXDocument.h in Headers */ = {isa = PBXBuildFile; fileRef = 9227B9621541ECBA00FA9EA6 /* CSXDocument.h */; };
		9227B9651541ECBA00FA9EA6 /* CSXDocument.m in Sources */ = {isa = PBXBuildFile; fileRef = 9227B9631541ECBA00FA9EA6 /* CSXDocument.m */; };
		92F82AAB154078540009E770 /* libceasyxml.a in Frameworks */ = {isa = PBXBuildFile; fileRef = D2AAC07E0554694100DB518D /* libceasyxml.a */; };
		92F82AC6154078C10009E770 /* TMain.m in Sources */ = {isa = PBXBuildFile; fileRef = 92F82AC5154078C10009E770 /* TMain.m */; };
/* End PBXBuildFile section */

/* Begin PBXContainerItemProxy section */
		92F82AAC154078570009E770 /* PBXContainerItemProxy */ = {
			isa = PBXContainerItemProxy;
			containerPortal = 0867D690FE84028FC02AAC07 /* Project object */;
			proxyType = 1;
			remoteGlobalIDString = D2AAC07D0554694100DB518D;
			remoteInfo = ceasyxml;
		};
/* End PBXContainerItemProxy section */

/* Begin PBXFileReference section */
		0867D69BFE84028FC02AAC07 /* Foundation.framework */ = {isa = PBXFileReference; lastKnownFileType = wrapper.framework; name = Foundation.framework; path = /System/Library/Frameworks/Foundation.framework; sourceTree = "<absolute>"; };
		9227B93F1541E73900FA9EA6 /* CSXNodeLayout.h */ = {isa = PBXFileReference; fileEncoding = 4; lastKnownFileType = sourcecode.c.h; path = CSXNodeLayout.h; sourceTree = "<group>"; };
		9227B9401541E73900FA9EA6 /* CSXNodeLayout.m */ = {isa = PBXFileReference; fileEncoding = 4; lastKnownFileType = sourcecode.c.objc; path = CSXNodeLayout.m; sourceTree = "<group>"; };
		9227B9491541E8C500FA9EA6 /* CSXElementLayout.h */ = {isa = PBXFileReference; fileEncoding = 4; lastKnownFileType = sourcecode.c.h; path = CSXElementLayout.h; sourceTree = "<group>"; };
		9227B94A1541E8C500FA9EA6 /* CSXElementLayout.m */ = {isa = PBXFileReference; fileEncoding = 4; lastKnownFileType = sourcecode.c.objc; path = CSXElementLayout.m; sourceTree = "<group>"; };
		9227B9561541EB9E00FA9EA6 /* CSXDocumentLayout.h */ = {isa = PBXFileReference; fileEncoding = 4; lastKnownFileType = sourcecode.c.h; path = CSXDocumentLayout.h; sourceTree = "<group>"; };
		9227B9571541EB9E00FA9EA6 /* CSXDocumentLayout.m */ = {isa = PBXFileReference; fileEncoding = 4; lastKnownFileType = sourcecode.c.objc; path = CSXDocumentLayout.m; sourceTree = "<group>"; };
		9227B9621541ECBA00FA9EA6 /* CSXDocument.h */ = {isa = PBXFileReference; fileEncoding = 4; lastKnownFileType = sourcecode.c.h; path = CSXDocument.h; sourceTree = "<group>"; };
		9227B9631541ECBA00FA9EA6 /* CSXDocument.m */ = {isa = PBXFileReference; fileEncoding = 4; lastKnownFileType = sourcecode.c.objc; path = CSXDocument.m; sourceTree = "<group>"; };
		92F82A9B154075960009E770 /* newcopy */ = {isa = PBXFileReference; fileEncoding = 4; lastKnownFileType = text.script.sh; path = newcopy; sourceTree = "<group>"; };
		92F82A9D154076170009E770 /* template.h */ = {isa = PBXFileReference; fileEncoding = 4; lastKnownFileType = sourcecode.c.h; path = template.h; sourceTree = "<group>"; };
		92F82A9E154076170009E770 /* template.m */ = {isa = PBXFileReference; fileEncoding = 4; lastKnownFileType = sourcecode.c.objc; path = template.m; sourceTree = "<group>"; };
		92F82AA7154078500009E770 /* TestApp */ = {isa = PBXFileReference; explicitFileType = "compiled.mach-o.executable"; includeInIndex = 0; path = TestApp; sourceTree = BUILT_PRODUCTS_DIR; };
		92F82AC5154078C10009E770 /* TMain.m */ = {isa = PBXFileReference; fileEncoding = 4; lastKnownFileType = sourcecode.c.objc; path = TMain.m; sourceTree = "<group>"; };
		D2AAC07E0554694100DB518D /* libceasyxml.a */ = {isa = PBXFileReference; explicitFileType = archive.ar; includeInIndex = 0; path = libceasyxml.a; sourceTree = BUILT_PRODUCTS_DIR; };
/* End PBXFileReference section */

/* Begin PBXFrameworksBuildPhase section */
		92F82AA5154078500009E770 /* Frameworks */ = {
			isa = PBXFrameworksBuildPhase;
			buildActionMask = 2147483647;
			files = (
				92F82AAB154078540009E770 /* libceasyxml.a in Frameworks */,
			);
			runOnlyForDeploymentPostprocessing = 0;
		};
		D2AAC07C0554694100DB518D /* Frameworks */ = {
			isa = PBXFrameworksBuildPhase;
			buildActionMask = 2147483647;
			files = (
			);
			runOnlyForDeploymentPostprocessing = 0;
		};
/* End PBXFrameworksBuildPhase section */

/* Begin PBXGroup section */
		034768DFFF38A50411DB9C8B /* Products */ = {
			isa = PBXGroup;
			children = (
				D2AAC07E0554694100DB518D /* libceasyxml.a */,
				92F82AA7154078500009E770 /* TestApp */,
			);
			name = Products;
			sourceTree = "<group>";
		};
		0867D691FE84028FC02AAC07 /* ceasyxml */ = {
			isa = PBXGroup;
			children = (
				08FB77AEFE84172EC02AAC07 /* Classes */,
				32C88DFF0371C24200C91783 /* Other Sources */,
				0867D69AFE84028FC02AAC07 /* External Frameworks and Libraries */,
				034768DFFF38A50411DB9C8B /* Products */,
				92F82A97154075530009E770 /* TestApp */,
			);
			name = ceasyxml;
			sourceTree = "<group>";
		};
		0867D69AFE84028FC02AAC07 /* External Frameworks and Libraries */ = {
			isa = PBXGroup;
			children = (
				0867D69BFE84028FC02AAC07 /* Foundation.framework */,
			);
			name = "External Frameworks and Libraries";
			sourceTree = "<group>";
		};
		08FB77AEFE84172EC02AAC07 /* Classes */ = {
			isa = PBXGroup;
			children = (
				9227B9661541ECBD00FA9EA6 /* Layout */,
				9227B9621541ECBA00FA9EA6 /* CSXDocument.h */,
				9227B9631541ECBA00FA9EA6 /* CSXDocument.m */,
			);
			path = Classes;
			sourceTree = "<group>";
		};
		32C88DFF0371C24200C91783 /* Other Sources */ = {
			isa = PBXGroup;
			children = (
				92F82A9D154076170009E770 /* template.h */,
				92F82A9E154076170009E770 /* template.m */,
				92F82A9B154075960009E770 /* newcopy */,
			);
			name = "Other Sources";
			sourceTree = "<group>";
		};
		9227B9661541ECBD00FA9EA6 /* Layout */ = {
			isa = PBXGroup;
			children = (
				9227B93F1541E73900FA9EA6 /* CSXNodeLayout.h */,
				9227B9401541E73900FA9EA6 /* CSXNodeLayout.m */,
				9227B9491541E8C500FA9EA6 /* CSXElementLayout.h */,
				9227B94A1541E8C500FA9EA6 /* CSXElementLayout.m */,
				9227B9561541EB9E00FA9EA6 /* CSXDocumentLayout.h */,
				9227B9571541EB9E00FA9EA6 /* CSXDocumentLayout.m */,
			);
			name = Layout;
			sourceTree = "<group>";
		};
		92F82A97154075530009E770 /* TestApp */ = {
			isa = PBXGroup;
			children = (
				92F82AC5154078C10009E770 /* TMain.m */,
			);
			path = TestApp;
			sourceTree = "<group>";
		};
/* End PBXGroup section */

/* Begin PBXHeadersBuildPhase section */
		D2AAC07A0554694100DB518D /* Headers */ = {
			isa = PBXHeadersBuildPhase;
			buildActionMask = 2147483647;
			files = (
				9227B9581541EB9E00FA9EA6 /* CSXDocumentLayout.h in Headers */,
				9227B9641541ECBA00FA9EA6 /* CSXDocument.h in Headers */,
			);
			runOnlyForDeploymentPostprocessing = 0;
		};
/* End PBXHeadersBuildPhase section */

/* Begin PBXNativeTarget section */
		92F82AA6154078500009E770 /* TestApp */ = {
			isa = PBXNativeTarget;
			buildConfigurationList = 92F82ABB1540786C0009E770 /* Build configuration list for PBXNativeTarget "TestApp" */;
			buildPhases = (
				92F82AA4154078500009E770 /* Sources */,
				92F82AA5154078500009E770 /* Frameworks */,
			);
			buildRules = (
			);
			dependencies = (
				92F82AAD154078570009E770 /* PBXTargetDependency */,
			);
			name = TestApp;
			productName = TestApp;
			productReference = 92F82AA7154078500009E770 /* TestApp */;
			productType = "com.apple.product-type.tool";
		};
		D2AAC07D0554694100DB518D /* ceasyxml */ = {
			isa = PBXNativeTarget;
			buildConfigurationList = 1DEB921E08733DC00010E9CD /* Build configuration list for PBXNativeTarget "ceasyxml" */;
			buildPhases = (
				D2AAC07A0554694100DB518D /* Headers */,
				D2AAC07B0554694100DB518D /* Sources */,
				D2AAC07C0554694100DB518D /* Frameworks */,
			);
			buildRules = (
			);
			dependencies = (
			);
			name = ceasyxml;
			productName = ceasyxml;
			productReference = D2AAC07E0554694100DB518D /* libceasyxml.a */;
			productType = "com.apple.product-type.library.static";
		};
/* End PBXNativeTarget section */

/* Begin PBXProject section */
		0867D690FE84028FC02AAC07 /* Project object */ = {
			isa = PBXProject;
			buildConfigurationList = 1DEB922208733DC00010E9CD /* Build configuration list for PBXProject "ceasyxml" */;
			compatibilityVersion = "Xcode 3.1";
			developmentRegion = English;
			hasScannedForEncodings = 1;
			knownRegions = (
				English,
				Japanese,
				French,
				German,
			);
			mainGroup = 0867D691FE84028FC02AAC07 /* ceasyxml */;
			productRefGroup = 034768DFFF38A50411DB9C8B /* Products */;
			projectDirPath = "";
			projectRoot = "";
			targets = (
				D2AAC07D0554694100DB518D /* ceasyxml */,
				92F82AA6154078500009E770 /* TestApp */,
			);
		};
/* End PBXProject section */

/* Begin PBXSourcesBuildPhase section */
		92F82AA4154078500009E770 /* Sources */ = {
			isa = PBXSourcesBuildPhase;
			buildActionMask = 2147483647;
			files = (
				92F82AC6154078C10009E770 /* TMain.m in Sources */,
			);
			runOnlyForDeploymentPostprocessing = 0;
		};
		D2AAC07B0554694100DB518D /* Sources */ = {
			isa = PBXSourcesBuildPhase;
			buildActionMask = 2147483647;
			files = (
				9227B94C1541E8C500FA9EA6 /* CSXElementLayout.m in Sources */,
				9227B94F1541E8E000FA9EA6 /* CSXNodeLayout.m in Sources */,
				9227B9591541EB9E00FA9EA6 /* CSXDocumentLayout.m in Sources */,
				9227B9651541ECBA00FA9EA6 /* CSXDocument.m in Sources */,
			);
			runOnlyForDeploymentPostprocessing = 0;
		};
/* End PBXSourcesBuildPhase section */

/* Begin PBXTargetDependency section */
		92F82AAD154078570009E770 /* PBXTargetDependency */ = {
			isa = PBXTargetDependency;
			target = D2AAC07D0554694100DB518D /* ceasyxml */;
			targetProxy = 92F82AAC154078570009E770 /* PBXContainerItemProxy */;
		};
/* End PBXTargetDependency section */

/* Begin XCBuildConfiguration section */
		1DEB921F08733DC00010E9CD /* Debug */ = {
			isa = XCBuildConfiguration;
			buildSettings = {
				ALWAYS_SEARCH_USER_PATHS = NO;
				ARCHS = "$(ARCHS_STANDARD_32_64_BIT)";
				COPY_PHASE_STRIP = NO;
				GCC_DYNAMIC_NO_PIC = NO;
				GCC_ENABLE_FIX_AND_CONTINUE = YES;
				GCC_MODEL_TUNING = G5;
				GCC_OPTIMIZATION_LEVEL = 0;
				INSTALL_PATH = /usr/local/lib;
				ONLY_ACTIVE_ARCH = YES;
				PRODUCT_NAME = ceasyxml;
			};
			name = Debug;
		};
		1DEB922008733DC00010E9CD /* Release */ = {
			isa = XCBuildConfiguration;
			buildSettings = {
				ALWAYS_SEARCH_USER_PATHS = NO;
				ARCHS = "$(ARCHS_STANDARD_32_BIT)";
				DEBUG_INFORMATION_FORMAT = "dwarf-with-dsym";
				GCC_MODEL_TUNING = G5;
				INSTALL_PATH = /usr/local/lib;
				PRODUCT_NAME = ceasyxml;
			};
			name = Release;
		};
		1DEB922308733DC00010E9CD /* Debug */ = {
			isa = XCBuildConfiguration;
			buildSettings = {
				ARCHS = "$(ARCHS_STANDARD_32_64_BIT)";
				GCC_C_LANGUAGE_STANDARD = gnu99;
				GCC_OPTIMIZATION_LEVEL = 0;
				GCC_WARN_ABOUT_RETURN_TYPE = YES;
				GCC_WARN_UNUSED_VARIABLE = YES;
				ONLY_ACTIVE_ARCH = YES;
				PREBINDING = NO;
				SDKROOT = macosx10.6;
			};
			name = Debug;
		};
		1DEB922408733DC00010E9CD /* Release */ = {
			isa = XCBuildConfiguration;
			buildSettings = {
				ARCHS = "$(ARCHS_STANDARD_32_64_BIT)";
				GCC_C_LANGUAGE_STANDARD = gnu99;
				GCC_WARN_ABOUT_RETURN_TYPE = YES;
				GCC_WARN_UNUSED_VARIABLE = YES;
				PREBINDING = NO;
				SDKROOT = macosx10.6;
			};
			name = Release;
		};
		92F82AA9154078500009E770 /* Debug */ = {
			isa = XCBuildConfiguration;
			buildSettings = {
				ALWAYS_SEARCH_USER_PATHS = NO;
				COPY_PHASE_STRIP = NO;
				GCC_DYNAMIC_NO_PIC = NO;
				GCC_ENABLE_FIX_AND_CONTINUE = YES;
				GCC_MODEL_TUNING = G5;
				GCC_OPTIMIZATION_LEVEL = 0;
				HEADER_SEARCH_PATHS = Classes;
				INSTALL_PATH = /usr/local/bin;
				OTHER_LDFLAGS = (
					"-framework",
					Foundation,
					"-framework",
					AppKit,
				);
				PREBINDING = NO;
				PRODUCT_NAME = TestApp;
			};
			name = Debug;
		};
		92F82AAA154078500009E770 /* Release */ = {
			isa = XCBuildConfiguration;
			buildSettings = {
				ALWAYS_SEARCH_USER_PATHS = NO;
				COPY_PHASE_STRIP = YES;
				DEBUG_INFORMATION_FORMAT = "dwarf-with-dsym";
				GCC_ENABLE_FIX_AND_CONTINUE = NO;
				GCC_MODEL_TUNING = G5;
				HEADER_SEARCH_PATHS = Classes;
				INSTALL_PATH = /usr/local/bin;
				OTHER_LDFLAGS = (
					"-framework",
					Foundation,
					"-framework",
					AppKit,
				);
				PREBINDING = NO;
				PRODUCT_NAME = TestApp;
				ZERO_LINK = NO;
			};
			name = Release;
		};
/* End XCBuildConfiguration section */

/* Begin XCConfigurationList section */
		1DEB921E08733DC00010E9CD /* Build configuration list for PBXNativeTarget "ceasyxml" */ = {
			isa = XCConfigurationList;
			buildConfigurations = (
				1DEB921F08733DC00010E9CD /* Debug */,
				1DEB922008733DC00010E9CD /* Release */,
			);
			defaultConfigurationIsVisible = 0;
			defaultConfigurationName = Release;
		};
		1DEB922208733DC00010E9CD /* Build configuration list for PBXProject "ceasyxml" */ = {
			isa = XCConfigurationList;
			buildConfigurations = (
				1DEB922308733DC00010E9CD /* Debug */,
				1DEB922408733DC00010E9CD /* Release */,
			);
			defaultConfigurationIsVisible = 0;
			defaultConfigurationName = Release;
		};
		92F82ABB1540786C0009E770 /* Build configuration list for PBXNativeTarget "TestApp" */ = {
			isa = XCConfigurationList;
			buildConfigurations = (
				92F82AA9154078500009E770 /* Debug */,
				92F82AAA154078500009E770 /* Release */,
			);
			defaultConfigurationIsVisible = 0;
			defaultConfigurationName = Release;
		};
/* End XCConfigurationList section */
	};
	rootObject = 0867D690FE84028FC02AAC07 /* Project object */;
}
